
Microsoft Visual Studio Solution File, Format Version 12.00
# Visual Studio Version 16
VisualStudioVersion = 16.0.31729.503
MinimumVisualStudioVersion = 10.0.40219.1
Project("{FAE04EC0-301F-11D3-BF4B-00C04F79EFBC}") = "minimizeAppToSystemTrayCSharp", "minimizeAppToSystemTrayCSharp\minimizeAppToSystemTrayCSharp.csproj", "{A59C44AD-B5CF-4F76-BD85-511017A8DD19}"
EndProject
Project("{F184B08F-C81C-45F6-A57F-5ABD9991F28F}") = "minimizeAppToSystemTrayVB", "minimizeAppToSystemTrayVB\minimizeAppToSystemTrayVB.vbproj", "{52CEC601-47FD-47F3-AC3D-6A7EDE4BA221}"
EndProject
Project("{F184B08F-C81C-45F6-A57F-5ABD9991F28F}") = "minimizeAppToSystemTrayVBAnotherVersion", "minimizeAppToSystemTrayVBAnotherVersion\minimizeAppToSystemTrayVBAnotherVersion.vbproj", "{4BC9B2B6-2470-410D-A17E-09DB14ADD955}"
EndProject
Global
	GlobalSection(SolutionConfigurationPlatforms) = preSolution
		Debug|Any CPU = Debug|Any CPU
		Release|Any CPU = Release|Any CPU
	EndGlobalSection
	GlobalSection(ProjectConfigurationPlatforms) = postSolution
		{A59C44AD-B5CF-4F76-BD85-511017A8DD19}.Debug|Any CPU.ActiveCfg = Debug|Any CPU
		{A59C44AD-B5CF-4F76-BD85-511017A8DD19}.Debug|Any CPU.Build.0 = Debug|Any CPU
		{A59C44AD-B5CF-4F76-BD85-511017A8DD19}.Release|Any CPU.ActiveCfg = Release|Any CPU
		{A59C44AD-B5CF-4F76-BD85-511017A8DD19}.Release|Any CPU.Build.0 = Release|Any CPU
		{52CEC601-47FD-47F3-AC3D-6A7EDE4BA221}.Debug|Any CPU.ActiveCfg = Debug|Any CPU
		{52CEC601-47FD-47F3-AC3D-6A7EDE4BA221}.Debug|Any CPU.Build.0 = Debug|Any CPU
		{52CEC601-47FD-47F3-AC3D-6A7EDE4BA221}.Release|Any CPU.ActiveCfg = Release|Any CPU
		{52CEC601-47FD-47F3-AC3D-6A7EDE4BA221}.Release|Any CPU.Build.0 = Release|Any CPU
		{4BC9B2B6-2470-410D-A17E-09DB14ADD955}.Debug|Any CPU.ActiveCfg = Debug|Any CPU
		{4BC9B2B6-2470-410D-A17E-09DB14ADD955}.Debug|Any CPU.Build.0 = Debug|Any CPU
		{4BC9B2B6-2470-410D-A17E-09DB14ADD955}.Release|Any CPU.ActiveCfg = Release|Any CPU
		{4BC9B2B6-2470-410D-A17E-09DB14ADD955}.Release|Any CPU.Build.0 = Release|Any CPU
	EndGlobalSection
	GlobalSection(SolutionProperties) = preSolution
		HideSolutionNode = FALSE
	EndGlobalSection
	GlobalSection(ExtensibilityGlobals) = postSolution
		SolutionGuid = {0A3E8136-96E4-4E2F-9605-DB268226506D}
	EndGlobalSection
EndGlobal
